// !$*UTF8*$!
{
	archiveVersion = 1;
	classes = {
	};
	objectVersion = 50;
	objects = {

/* Begin PBXBuildFile section */
		8198136D29795D84004BD3FB /* MovieAppModel.xcdatamodeld in Sources */ = {isa = PBXBuildFile; fileRef = 8198136B29795D84004BD3FB /* MovieAppModel.xcdatamodeld */; };
		8198136F29796620004BD3FB /* AddMovieViewModel.swift in Sources */ = {isa = PBXBuildFile; fileRef = 8198136E29796620004BD3FB /* AddMovieViewModel.swift */; };
		819813712979696F004BD3FB /* MovieListViewModel.swift in Sources */ = {isa = PBXBuildFile; fileRef = 819813702979696F004BD3FB /* MovieListViewModel.swift */; };
		81981373297969B5004BD3FB /* MovieViewModel.swift in Sources */ = {isa = PBXBuildFile; fileRef = 81981372297969B5004BD3FB /* MovieViewModel.swift */; };
		8D0926C125E59B3B00502FF8 /* MovieAppApp.swift in Sources */ = {isa = PBXBuildFile; fileRef = 8D0926C025E59B3B00502FF8 /* MovieAppApp.swift */; };
		8D0926C525E59B3C00502FF8 /* Assets.xcassets in Resources */ = {isa = PBXBuildFile; fileRef = 8D0926C425E59B3C00502FF8 /* Assets.xcassets */; };
		8D0926C825E59B3C00502FF8 /* Preview Assets.xcassets in Resources */ = {isa = PBXBuildFile; fileRef = 8D0926C725E59B3C00502FF8 /* Preview Assets.xcassets */; };
		8D0926D525E5AE9C00502FF8 /* CoreDataManager.swift in Sources */ = {isa = PBXBuildFile; fileRef = 8D0926D425E5AE9C00502FF8 /* CoreDataManager.swift */; };
		8D5C25C325E6EBD0002BAF40 /* AddMovieScreen.swift in Sources */ = {isa = PBXBuildFile; fileRef = 8D5C25C225E6EBD0002BAF40 /* AddMovieScreen.swift */; };
		8D5C25C825E6F3D8002BAF40 /* View+Extensions.swift in Sources */ = {isa = PBXBuildFile; fileRef = 8D5C25C725E6F3D8002BAF40 /* View+Extensions.swift */; };
		8D5C25D025E6FA7C002BAF40 /* RatingView.swift in Sources */ = {isa = PBXBuildFile; fileRef = 8D5C25CF25E6FA7C002BAF40 /* RatingView.swift */; };
		8D5C25DF25E72747002BAF40 /* MovieListScreen.swift in Sources */ = {isa = PBXBuildFile; fileRef = 8D5C25DE25E72747002BAF40 /* MovieListScreen.swift */; };
		8D5C25E225E72CD4002BAF40 /* Date+Extensions.swift in Sources */ = {isa = PBXBuildFile; fileRef = 8D5C25E125E72CD4002BAF40 /* Date+Extensions.swift */; };
/* End PBXBuildFile section */

/* Begin PBXFileReference section */
		8198136C29795D84004BD3FB /* MovieAppModel.xcdatamodel */ = {isa = PBXFileReference; lastKnownFileType = wrapper.xcdatamodel; path = MovieAppModel.xcdatamodel; sourceTree = "<group>"; };
		8198136E29796620004BD3FB /* AddMovieViewModel.swift */ = {isa = PBXFileReference; lastKnownFileType = sourcecode.swift; path = AddMovieViewModel.swift; sourceTree = "<group>"; };
		819813702979696F004BD3FB /* MovieListViewModel.swift */ = {isa = PBXFileReference; lastKnownFileType = sourcecode.swift; path = MovieListViewModel.swift; sourceTree = "<group>"; };
		81981372297969B5004BD3FB /* MovieViewModel.swift */ = {isa = PBXFileReference; lastKnownFileType = sourcecode.swift; path = MovieViewModel.swift; sourceTree = "<group>"; };
		8D0926BD25E59B3B00502FF8 /* MovieApp.app */ = {isa = PBXFileReference; explicitFileType = wrapper.application; includeInIndex = 0; path = MovieApp.app; sourceTree = BUILT_PRODUCTS_DIR; };
		8D0926C025E59B3B00502FF8 /* MovieAppApp.swift */ = {isa = PBXFileReference; lastKnownFileType = sourcecode.swift; path = MovieAppApp.swift; sourceTree = "<group>"; };
		8D0926C425E59B3C00502FF8 /* Assets.xcassets */ = {isa = PBXFileReference; lastKnownFileType = folder.assetcatalog; path = Assets.xcassets; sourceTree = "<group>"; };
		8D0926C725E59B3C00502FF8 /* Preview Assets.xcassets */ = {isa = PBXFileReference; lastKnownFileType = folder.assetcatalog; path = "Preview Assets.xcassets"; sourceTree = "<group>"; };
		8D0926C925E59B3C00502FF8 /* Info.plist */ = {isa = PBXFileReference; lastKnownFileType = text.plist.xml; path = Info.plist; sourceTree = "<group>"; };
		8D0926D425E5AE9C00502FF8 /* CoreDataManager.swift */ = {isa = PBXFileReference; lastKnownFileType = sourcecode.swift; path = CoreDataManager.swift; sourceTree = "<group>"; };
		8D5C25C225E6EBD0002BAF40 /* AddMovieScreen.swift */ = {isa = PBXFileReference; lastKnownFileType = sourcecode.swift; path = AddMovieScreen.swift; sourceTree = "<group>"; };
		8D5C25C725E6F3D8002BAF40 /* View+Extensions.swift */ = {isa = PBXFileReference; lastKnownFileType = sourcecode.swift; path = "View+Extensions.swift"; sourceTree = "<group>"; };
		8D5C25CF25E6FA7C002BAF40 /* RatingView.swift */ = {isa = PBXFileReference; lastKnownFileType = sourcecode.swift; path = RatingView.swift; sourceTree = "<group>"; };
		8D5C25DE25E72747002BAF40 /* MovieListScreen.swift */ = {isa = PBXFileReference; lastKnownFileType = sourcecode.swift; path = MovieListScreen.swift; sourceTree = "<group>"; };
		8D5C25E125E72CD4002BAF40 /* Date+Extensions.swift */ = {isa = PBXFileReference; lastKnownFileType = sourcecode.swift; path = "Date+Extensions.swift"; sourceTree = "<group>"; };
/* End PBXFileReference section */

/* Begin PBXFrameworksBuildPhase section */
		8D0926BA25E59B3B00502FF8 /* Frameworks */ = {
			isa = PBXFrameworksBuildPhase;
			buildActionMask = 2147483647;
			files = (
			);
			runOnlyForDeploymentPostprocessing = 0;
		};
/* End PBXFrameworksBuildPhase section */

/* Begin PBXGroup section */
		8D0926B425E59B3B00502FF8 = {
			isa = PBXGroup;
			children = (
				8D0926BF25E59B3B00502FF8 /* MovieApp */,
				8D0926BE25E59B3B00502FF8 /* Products */,
			);
			sourceTree = "<group>";
		};
		8D0926BE25E59B3B00502FF8 /* Products */ = {
			isa = PBXGroup;
			children = (
				8D0926BD25E59B3B00502FF8 /* MovieApp.app */,
			);
			name = Products;
			sourceTree = "<group>";
		};
		8D0926BF25E59B3B00502FF8 /* MovieApp */ = {
			isa = PBXGroup;
			children = (
				8D5C25CE25E6FA70002BAF40 /* Views */,
				8D5C25C625E6F3CB002BAF40 /* Extensions */,
				8D2C953E25E69E3500459F4F /* Screens */,
				8D2C952C25E6907D00459F4F /* View Models */,
				8D0926D725E5D50400502FF8 /* Managers */,
				8D0926C025E59B3B00502FF8 /* MovieAppApp.swift */,
				8D0926C425E59B3C00502FF8 /* Assets.xcassets */,
				8D0926C925E59B3C00502FF8 /* Info.plist */,
				8D0926C625E59B3C00502FF8 /* Preview Content */,
				8198136B29795D84004BD3FB /* MovieAppModel.xcdatamodeld */,
			);
			path = MovieApp;
			sourceTree = "<group>";
		};
		8D0926C625E59B3C00502FF8 /* Preview Content */ = {
			isa = PBXGroup;
			children = (
				8D0926C725E59B3C00502FF8 /* Preview Assets.xcassets */,
			);
			path = "Preview Content";
			sourceTree = "<group>";
		};
		8D0926D725E5D50400502FF8 /* Managers */ = {
			isa = PBXGroup;
			children = (
				8D0926D425E5AE9C00502FF8 /* CoreDataManager.swift */,
			);
			path = Managers;
			sourceTree = "<group>";
		};
		8D2C952C25E6907D00459F4F /* View Models */ = {
			isa = PBXGroup;
			children = (
				8198136E29796620004BD3FB /* AddMovieViewModel.swift */,
				819813702979696F004BD3FB /* MovieListViewModel.swift */,
				81981372297969B5004BD3FB /* MovieViewModel.swift */,
			);
			path = "View Models";
			sourceTree = "<group>";
		};
		8D2C953E25E69E3500459F4F /* Screens */ = {
			isa = PBXGroup;
			children = (
				8D5C25C225E6EBD0002BAF40 /* AddMovieScreen.swift */,
				8D5C25DE25E72747002BAF40 /* MovieListScreen.swift */,
			);
			path = Screens;
			sourceTree = "<group>";
		};
		8D5C25C625E6F3CB002BAF40 /* Extensions */ = {
			isa = PBXGroup;
			children = (
				8D5C25C725E6F3D8002BAF40 /* View+Extensions.swift */,
				8D5C25E125E72CD4002BAF40 /* Date+Extensions.swift */,
			);
			path = Extensions;
			sourceTree = "<group>";
		};
		8D5C25CE25E6FA70002BAF40 /* Views */ = {
			isa = PBXGroup;
			children = (
				8D5C25CF25E6FA7C002BAF40 /* RatingView.swift */,
			);
			path = Views;
			sourceTree = "<group>";
		};
/* End PBXGroup section */

/* Begin PBXNativeTarget section */
		8D0926BC25E59B3B00502FF8 /* MovieApp */ = {
			isa = PBXNativeTarget;
			buildConfigurationList = 8D0926CC25E59B3C00502FF8 /* Build configuration list for PBXNativeTarget "MovieApp" */;
			buildPhases = (
				8D0926B925E59B3B00502FF8 /* Sources */,
				8D0926BA25E59B3B00502FF8 /* Frameworks */,
				8D0926BB25E59B3B00502FF8 /* Resources */,
			);
			buildRules = (
			);
			dependencies = (
			);
			name = MovieApp;
			productName = MovieApp;
			productReference = 8D0926BD25E59B3B00502FF8 /* MovieApp.app */;
			productType = "com.apple.product-type.application";
		};
/* End PBXNativeTarget section */

/* Begin PBXProject section */
		8D0926B525E59B3B00502FF8 /* Project object */ = {
			isa = PBXProject;
			attributes = {
				LastSwiftUpdateCheck = 1230;
				LastUpgradeCheck = 1230;
				TargetAttributes = {
					8D0926BC25E59B3B00502FF8 = {
						CreatedOnToolsVersion = 12.3;
					};
				};
			};
			buildConfigurationList = 8D0926B825E59B3B00502FF8 /* Build configuration list for PBXProject "MovieApp" */;
			compatibilityVersion = "Xcode 9.3";
			developmentRegion = en;
			hasScannedForEncodings = 0;
			knownRegions = (
				en,
				Base,
			);
			mainGroup = 8D0926B425E59B3B00502FF8;
			productRefGroup = 8D0926BE25E59B3B00502FF8 /* Products */;
			projectDirPath = "";
			projectRoot = "";
			targets = (
				8D0926BC25E59B3B00502FF8 /* MovieApp */,
			);
		};
/* End PBXProject section */

/* Begin PBXResourcesBuildPhase section */
		8D0926BB25E59B3B00502FF8 /* Resources */ = {
			isa = PBXResourcesBuildPhase;
			buildActionMask = 2147483647;
			files = (
				8D0926C825E59B3C00502FF8 /* Preview Assets.xcassets in Resources */,
				8D0926C525E59B3C00502FF8 /* Assets.xcassets in Resources */,
			);
			runOnlyForDeploymentPostprocessing = 0;
		};
/* End PBXResourcesBuildPhase section */

/* Begin PBXSourcesBuildPhase section */
		8D0926B925E59B3B00502FF8 /* Sources */ = {
			isa = PBXSourcesBuildPhase;
			buildActionMask = 2147483647;
			files = (
				8D5C25C325E6EBD0002BAF40 /* AddMovieScreen.swift in Sources */,
				8198136F29796620004BD3FB /* AddMovieViewModel.swift in Sources */,
				8D5C25E225E72CD4002BAF40 /* Date+Extensions.swift in Sources */,
				8D0926D525E5AE9C00502FF8 /* CoreDataManager.swift in Sources */,
				8D5C25C825E6F3D8002BAF40 /* View+Extensions.swift in Sources */,
				8198136D29795D84004BD3FB /* MovieAppModel.xcdatamodeld in Sources */,
				8D5C25DF25E72747002BAF40 /* MovieListScreen.swift in Sources */,
				8D0926C125E59B3B00502FF8 /* MovieAppApp.swift in Sources */,
				81981373297969B5004BD3FB /* MovieViewModel.swift in Sources */,
				8D5C25D025E6FA7C002BAF40 /* RatingView.swift in Sources */,
				819813712979696F004BD3FB /* MovieListViewModel.swift in Sources */,
			);
			runOnlyForDeploymentPostprocessing = 0;
		};
/* End PBXSourcesBuildPhase section */

/* Begin XCBuildConfiguration section */
		8D0926CA25E59B3C00502FF8 /* Debug */ = {
			isa = XCBuildConfiguration;
			buildSettings = {
				ALWAYS_SEARCH_USER_PATHS = NO;
				CLANG_ANALYZER_NONNULL = YES;
				CLANG_ANALYZER_NUMBER_OBJECT_CONVERSION = YES_AGGRESSIVE;
				CLANG_CXX_LANGUAGE_STANDARD = "gnu++14";
				CLANG_CXX_LIBRARY = "libc++";
				CLANG_ENABLE_MODULES = YES;
				CLANG_ENABLE_OBJC_ARC = YES;
				CLANG_ENABLE_OBJC_WEAK = YES;
				CLANG_WARN_BLOCK_CAPTURE_AUTORELEASING = YES;
				CLANG_WARN_BOOL_CONVERSION = YES;
				CLANG_WARN_COMMA = YES;
				CLANG_WARN_CONSTANT_CONVERSION = YES;
				CLANG_WARN_DEPRECATED_OBJC_IMPLEMENTATIONS = YES;
				CLANG_WARN_DIRECT_OBJC_ISA_USAGE = YES_ERROR;
				CLANG_WARN_DOCUMENTATION_COMMENTS = YES;
				CLANG_WARN_EMPTY_BODY = YES;
				CLANG_WARN_ENUM_CONVERSION = YES;
				CLANG_WARN_INFINITE_RECURSION = YES;
				CLANG_WARN_INT_CONVERSION = YES;
				CLANG_WARN_NON_LITERAL_NULL_CONVERSION = YES;
				CLANG_WARN_OBJC_IMPLICIT_RETAIN_SELF = YES;
				CLANG_WARN_OBJC_LITERAL_CONVERSION = YES;
				CLANG_WARN_OBJC_ROOT_CLASS = YES_ERROR;
				CLANG_WARN_QUOTED_INCLUDE_IN_FRAMEWORK_HEADER = YES;
				CLANG_WARN_RANGE_LOOP_ANALYSIS = YES;
				CLANG_WARN_STRICT_PROTOTYPES = YES;
				CLANG_WARN_SUSPICIOUS_MOVE = YES;
				CLANG_WARN_UNGUARDED_AVAILABILITY = YES_AGGRESSIVE;
				CLANG_WARN_UNREACHABLE_CODE = YES;
				CLANG_WARN__DUPLICATE_METHOD_MATCH = YES;
				COPY_PHASE_STRIP = NO;
				DEBUG_INFORMATION_FORMAT = dwarf;
				ENABLE_STRICT_OBJC_MSGSEND = YES;
				ENABLE_TESTABILITY = YES;
				GCC_C_LANGUAGE_STANDARD = gnu11;
				GCC_DYNAMIC_NO_PIC = NO;
				GCC_NO_COMMON_BLOCKS = YES;
				GCC_OPTIMIZATION_LEVEL = 0;
				GCC_PREPROCESSOR_DEFINITIONS = (
					"DEBUG=1",
					"$(inherited)",
				);
				GCC_WARN_64_TO_32_BIT_CONVERSION = YES;
				GCC_WARN_ABOUT_RETURN_TYPE = YES_ERROR;
				GCC_WARN_UNDECLARED_SELECTOR = YES;
				GCC_WARN_UNINITIALIZED_AUTOS = YES_AGGRESSIVE;
				GCC_WARN_UNUSED_FUNCTION = YES;
				GCC_WARN_UNUSED_VARIABLE = YES;
				IPHONEOS_DEPLOYMENT_TARGET = 14.3;
				MTL_ENABLE_DEBUG_INFO = INCLUDE_SOURCE;
				MTL_FAST_MATH = YES;
				ONLY_ACTIVE_ARCH = YES;
				SDKROOT = iphoneos;
				SWIFT_ACTIVE_COMPILATION_CONDITIONS = DEBUG;
				SWIFT_OPTIMIZATION_LEVEL = "-Onone";
			};
			name = Debug;
		};
		8D0926CB25E59B3C00502FF8 /* Release */ = {
			isa = XCBuildConfiguration;
			buildSettings = {
				ALWAYS_SEARCH_USER_PATHS = NO;
				CLANG_ANALYZER_NONNULL = YES;
				CLANG_ANALYZER_NUMBER_OBJECT_CONVERSION = YES_AGGRESSIVE;
				CLANG_CXX_LANGUAGE_STANDARD = "gnu++14";
				CLANG_CXX_LIBRARY = "libc++";
				CLANG_ENABLE_MODULES = YES;
				CLANG_ENABLE_OBJC_ARC = YES;
				CLANG_ENABLE_OBJC_WEAK = YES;
				CLANG_WARN_BLOCK_CAPTURE_AUTORELEASING = YES;
				CLANG_WARN_BOOL_CONVERSION = YES;
				CLANG_WARN_COMMA = YES;
				CLANG_WARN_CONSTANT_CONVERSION = YES;
				CLANG_WARN_DEPRECATED_OBJC_IMPLEMENTATIONS = YES;
				CLANG_WARN_DIRECT_OBJC_ISA_USAGE = YES_ERROR;
				CLANG_WARN_DOCUMENTATION_COMMENTS = YES;
				CLANG_WARN_EMPTY_BODY = YES;
				CLANG_WARN_ENUM_CONVERSION = YES;
				CLANG_WARN_INFINITE_RECURSION = YES;
				CLANG_WARN_INT_CONVERSION = YES;
				CLANG_WARN_NON_LITERAL_NULL_CONVERSION = YES;
				CLANG_WARN_OBJC_IMPLICIT_RETAIN_SELF = YES;
				CLANG_WARN_OBJC_LITERAL_CONVERSION = YES;
				CLANG_WARN_OBJC_ROOT_CLASS = YES_ERROR;
				CLANG_WARN_QUOTED_INCLUDE_IN_FRAMEWORK_HEADER = YES;
				CLANG_WARN_RANGE_LOOP_ANALYSIS = YES;
				CLANG_WARN_STRICT_PROTOTYPES = YES;
				CLANG_WARN_SUSPICIOUS_MOVE = YES;
				CLANG_WARN_UNGUARDED_AVAILABILITY = YES_AGGRESSIVE;
				CLANG_WARN_UNREACHABLE_CODE = YES;
				CLANG_WARN__DUPLICATE_METHOD_MATCH = YES;
				COPY_PHASE_STRIP = NO;
				DEBUG_INFORMATION_FORMAT = "dwarf-with-dsym";
				ENABLE_NS_ASSERTIONS = NO;
				ENABLE_STRICT_OBJC_MSGSEND = YES;
				GCC_C_LANGUAGE_STANDARD = gnu11;
				GCC_NO_COMMON_BLOCKS = YES;
				GCC_WARN_64_TO_32_BIT_CONVERSION = YES;
				GCC_WARN_ABOUT_RETURN_TYPE = YES_ERROR;
				GCC_WARN_UNDECLARED_SELECTOR = YES;
				GCC_WARN_UNINITIALIZED_AUTOS = YES_AGGRESSIVE;
				GCC_WARN_UNUSED_FUNCTION = YES;
				GCC_WARN_UNUSED_VARIABLE = YES;
				IPHONEOS_DEPLOYMENT_TARGET = 14.3;
				MTL_ENABLE_DEBUG_INFO = NO;
				MTL_FAST_MATH = YES;
				SDKROOT = iphoneos;
				SWIFT_COMPILATION_MODE = wholemodule;
				SWIFT_OPTIMIZATION_LEVEL = "-O";
				VALIDATE_PRODUCT = YES;
			};
			name = Release;
		};
		8D0926CD25E59B3C00502FF8 /* Debug */ = {
			isa = XCBuildConfiguration;
			buildSettings = {
				ASSETCATALOG_COMPILER_APPICON_NAME = AppIcon;
				ASSETCATALOG_COMPILER_GLOBAL_ACCENT_COLOR_NAME = AccentColor;
				CODE_SIGN_STYLE = Automatic;
				DEVELOPMENT_ASSET_PATHS = "\"MovieApp/Preview Content\"";
				DEVELOPMENT_TEAM = 7LB3AU4D4Q;
				ENABLE_PREVIEWS = YES;
				INFOPLIST_FILE = MovieApp/Info.plist;
				IPHONEOS_DEPLOYMENT_TARGET = 15.0;
				LD_RUNPATH_SEARCH_PATHS = (
					"$(inherited)",
					"@executable_path/Frameworks",
				);
				PRODUCT_BUNDLE_IDENTIFIER = com.azamsharp.MovieApp;
				PRODUCT_NAME = "$(TARGET_NAME)";
				SWIFT_VERSION = 5.0;
				TARGETED_DEVICE_FAMILY = "1,2";
			};
			name = Debug;
		};
		8D0926CE25E59B3C00502FF8 /* Release */ = {
			isa = XCBuildConfiguration;
			buildSettings = {
				ASSETCATALOG_COMPILER_APPICON_NAME = AppIcon;
				ASSETCATALOG_COMPILER_GLOBAL_ACCENT_COLOR_NAME = AccentColor;
				CODE_SIGN_STYLE = Automatic;
				DEVELOPMENT_ASSET_PATHS = "\"MovieApp/Preview Content\"";
				DEVELOPMENT_TEAM = 7LB3AU4D4Q;
				ENABLE_PREVIEWS = YES;
				INFOPLIST_FILE = MovieApp/Info.plist;
				IPHONEOS_DEPLOYMENT_TARGET = 15.0;
				LD_RUNPATH_SEARCH_PATHS = (
					"$(inherited)",
					"@executable_path/Frameworks",
				);
				PRODUCT_BUNDLE_IDENTIFIER = com.azamsharp.MovieApp;
				PRODUCT_NAME = "$(TARGET_NAME)";
				SWIFT_VERSION = 5.0;
				TARGETED_DEVICE_FAMILY = "1,2";
			};
			name = Release;
		};
/* End XCBuildConfiguration section */

/* Begin XCConfigurationList section */
		8D0926B825E59B3B00502FF8 /* Build configuration list for PBXProject "MovieApp" */ = {
			isa = XCConfigurationList;
			buildConfigurations = (
				8D0926CA25E59B3C00502FF8 /* Debug */,
				8D0926CB25E59B3C00502FF8 /* Release */,
			);
			defaultConfigurationIsVisible = 0;
			defaultConfigurationName = Release;
		};
		8D0926CC25E59B3C00502FF8 /* Build configuration list for PBXNativeTarget "MovieApp" */ = {
			isa = XCConfigurationList;
			buildConfigurations = (
				8D0926CD25E59B3C00502FF8 /* Debug */,
				8D0926CE25E59B3C00502FF8 /* Release */,
			);
			defaultConfigurationIsVisible = 0;
			defaultConfigurationName = Release;
		};
/* End XCConfigurationList section */

/* Begin XCVersionGroup section */
		8198136B29795D84004BD3FB /* MovieAppModel.xcdatamodeld */ = {
			isa = XCVersionGroup;
			children = (
				8198136C29795D84004BD3FB /* MovieAppModel.xcdatamodel */,
			);
			currentVersion = 8198136C29795D84004BD3FB /* MovieAppModel.xcdatamodel */;
			path = MovieAppModel.xcdatamodeld;
			sourceTree = "<group>";
			versionGroupType = wrapper.xcdatamodel;
		};
/* End XCVersionGroup section */
	};
	rootObject = 8D0926B525E59B3B00502FF8 /* Project object */;
}
